// !$*UTF8*$!
{
	archiveVersion = 1;
	objectVersion = 54;
	objects = {

/* Begin XCBuildConfiguration section */
		97C147071CF9000F007C117D /* Debug */ = {
			isa = XCBuildConfiguration;
			buildSettings = {
				ASSETCATALOG_COMPILER_APPICON_NAME = AppIcon;
				PRODUCT_BUNDLE_IDENTIFIER = com.example.missingapp;
				PRODUCT_NAME = "$(TARGET_NAME)";
			};
			name = Debug;
		};
/* End XCBuildConfiguration section */
	};
	rootObject = 97C146E51CF9000F007C117D;
}
